github.com/gosuri/uilive v0.0.4 h1:hUEBpQDj8D8jXgtCdBu7sWsy5sbW/5GhuO8KBwJ2jyY=
github.com/gosuri/uilive v0.0.4/go.mod h1:V/epo5LjjlDE5RJUcqx8dbw+zc93y5Ya3yg8tfZ74VI=
github.com/gosuri/uiprogress v0.0.2-0.20210317150916-484b9f69ea00 h1:SC2rXiseo1baoEwlr4870+yALlBbzGJmvdkArH+K4LA=
github.com/gosuri/uiprogress v0.0.2-0.20210317150916-484b9f69ea00/go.mod h1:bYiBuGM8tAxwUOjOk9D5cOKWFpGQLArY8asEiCHxA6g=
github.com/mattn/go-isatty v0.0.12 h1:wuysRhFDzyxgEmMf5xjvJ2M9dZoWAXNNr5LSBS7uHXY=
github.com/mattn/go-isatty v0.0.12/go.mod h1:cbi8OIDigv2wuxKPP5vlRcQ1OAZbq2CE4Kysco4FUpU=
github.com/rjeczalik/notify v0.9.3-0.20210809113154-3472d85e95cd h1:LHLg0gdpRUCvujg2Zol6e2Uknq5vHycLxqEzYwxt1vY=
github.com/rjeczalik/notify v0.9.3-0.20210809113154-3472d85e95cd/go.mod h1:gF3zSOrafR9DQEWSE8TjfI9NkooDxbyT4UgRGKZA0lc=
golang.org/x/sys v0.0.0-20180926160741-c2ed4eda69e7/go.mod h1:STP8DvDyc/dI5b8T5hshtkjS+E42TnysNCUPdjciGhY=
golang.org/x/sys v0.0.0-20200116001909-b77594299b42/go.mod h1:h1NjWce9XRLGQEsW7wpKNCjG9DtNlClVuFLEZdDNbEs=
golang.org/x/sys v0.0.0-20220908164124-27713097b956 h1:XeJjHH1KiLpKGb6lvMiksZ9l0fVUh+AmGcm0nOMEBOY=
golang.org/x/sys v0.0.0-20220908164124-27713097b956/go.mod h1:oPkhp1MJrh7nUepCBck5+mAzfO9JrbApNNgaTdGDITg=
golang.org/x/term v0.0.0-20220919170432-7a66f970e087 h1:tPwmk4vmvVCMdr98VgL4JH+qZxPL8fqlUOHnyOM8N3w=
golang.org/x/term v0.0.0-20220919170432-7a66f970e087/go.mod h1:jbD1KX2456YbFQfuXm/mYQcufACuNUgVhRMnK/tPxf8=
